
Microsoft Visual Studio Solution File, Format Version 12.00
# Visual Studio Version 16
VisualStudioVersion = 16.0.30225.117
MinimumVisualStudioVersion = 15.0.26124.0
Project("{9A19103F-16F7-4668-BE54-9A1E7A4F7556}") = "CaWorkshop.WebUI", "CaWorkshop.WebUI\CaWorkshop.WebUI.csproj", "{7E2A1812-56EF-4994-B2A6-F3FADA3A9B8F}"
EndProject
Project("{9A19103F-16F7-4668-BE54-9A1E7A4F7556}") = "CaWorkshop.Domain", "CaWorkshop.Domain\CaWorkshop.Domain.csproj", "{2B376079-BFB5-4DDE-93DF-BE8F7C4860D8}"
EndProject
Project("{9A19103F-16F7-4668-BE54-9A1E7A4F7556}") = "CaWorkshop.Application", "CaWorkshop.Application\CaWorkshop.Application.csproj", "{C971C798-F3D1-48B8-B0B5-A986D165FAD6}"
EndProject
Project("{9A19103F-16F7-4668-BE54-9A1E7A4F7556}") = "CaWorkshop.Infrastructure", "CaWorkshop.Infrastructure\CaWorkshop.Infrastructure.csproj", "{A8132C0D-9FBB-4BD6-A3FE-CCC250DF13AA}"
EndProject
Global
	GlobalSection(SolutionConfigurationPlatforms) = preSolution
		Debug|Any CPU = Debug|Any CPU
		Debug|x64 = Debug|x64
		Debug|x86 = Debug|x86
		Release|Any CPU = Release|Any CPU
		Release|x64 = Release|x64
		Release|x86 = Release|x86
	EndGlobalSection
	GlobalSection(ProjectConfigurationPlatforms) = postSolution
		{7E2A1812-56EF-4994-B2A6-F3FADA3A9B8F}.Debug|Any CPU.ActiveCfg = Debug|Any CPU
		{7E2A1812-56EF-4994-B2A6-F3FADA3A9B8F}.Debug|Any CPU.Build.0 = Debug|Any CPU
		{7E2A1812-56EF-4994-B2A6-F3FADA3A9B8F}.Debug|x64.ActiveCfg = Debug|Any CPU
		{7E2A1812-56EF-4994-B2A6-F3FADA3A9B8F}.Debug|x64.Build.0 = Debug|Any CPU
		{7E2A1812-56EF-4994-B2A6-F3FADA3A9B8F}.Debug|x86.ActiveCfg = Debug|Any CPU
		{7E2A1812-56EF-4994-B2A6-F3FADA3A9B8F}.Debug|x86.Build.0 = Debug|Any CPU
		{7E2A1812-56EF-4994-B2A6-F3FADA3A9B8F}.Release|Any CPU.ActiveCfg = Release|Any CPU
		{7E2A1812-56EF-4994-B2A6-F3FADA3A9B8F}.Release|Any CPU.Build.0 = Release|Any CPU
		{7E2A1812-56EF-4994-B2A6-F3FADA3A9B8F}.Release|x64.ActiveCfg = Release|Any CPU
		{7E2A1812-56EF-4994-B2A6-F3FADA3A9B8F}.Release|x64.Build.0 = Release|Any CPU
		{7E2A1812-56EF-4994-B2A6-F3FADA3A9B8F}.Release|x86.ActiveCfg = Release|Any CPU
		{7E2A1812-56EF-4994-B2A6-F3FADA3A9B8F}.Release|x86.Build.0 = Release|Any CPU
		{2B376079-BFB5-4DDE-93DF-BE8F7C4860D8}.Debug|Any CPU.ActiveCfg = Debug|Any CPU
		{2B376079-BFB5-4DDE-93DF-BE8F7C4860D8}.Debug|Any CPU.Build.0 = Debug|Any CPU
		{2B376079-BFB5-4DDE-93DF-BE8F7C4860D8}.Debug|x64.ActiveCfg = Debug|Any CPU
		{2B376079-BFB5-4DDE-93DF-BE8F7C4860D8}.Debug|x64.Build.0 = Debug|Any CPU
		{2B376079-BFB5-4DDE-93DF-BE8F7C4860D8}.Debug|x86.ActiveCfg = Debug|Any CPU
		{2B376079-BFB5-4DDE-93DF-BE8F7C4860D8}.Debug|x86.Build.0 = Debug|Any CPU
		{2B376079-BFB5-4DDE-93DF-BE8F7C4860D8}.Release|Any CPU.ActiveCfg = Release|Any CPU
		{2B376079-BFB5-4DDE-93DF-BE8F7C4860D8}.Release|Any CPU.Build.0 = Release|Any CPU
		{2B376079-BFB5-4DDE-93DF-BE8F7C4860D8}.Release|x64.ActiveCfg = Release|Any CPU
		{2B376079-BFB5-4DDE-93DF-BE8F7C4860D8}.Release|x64.Build.0 = Release|Any CPU
		{2B376079-BFB5-4DDE-93DF-BE8F7C4860D8}.Release|x86.ActiveCfg = Release|Any CPU
		{2B376079-BFB5-4DDE-93DF-BE8F7C4860D8}.Release|x86.Build.0 = Release|Any CPU
		{C971C798-F3D1-48B8-B0B5-A986D165FAD6}.Debug|Any CPU.ActiveCfg = Debug|Any CPU
		{C971C798-F3D1-48B8-B0B5-A986D165FAD6}.Debug|Any CPU.Build.0 = Debug|Any CPU
		{C971C798-F3D1-48B8-B0B5-A986D165FAD6}.Debug|x64.ActiveCfg = Debug|Any CPU
		{C971C798-F3D1-48B8-B0B5-A986D165FAD6}.Debug|x64.Build.0 = Debug|Any CPU
		{C971C798-F3D1-48B8-B0B5-A986D165FAD6}.Debug|x86.ActiveCfg = Debug|Any CPU
		{C971C798-F3D1-48B8-B0B5-A986D165FAD6}.Debug|x86.Build.0 = Debug|Any CPU
		{C971C798-F3D1-48B8-B0B5-A986D165FAD6}.Release|Any CPU.ActiveCfg = Release|Any CPU
		{C971C798-F3D1-48B8-B0B5-A986D165FAD6}.Release|Any CPU.Build.0 = Release|Any CPU
		{C971C798-F3D1-48B8-B0B5-A986D165FAD6}.Release|x64.ActiveCfg = Release|Any CPU
		{C971C798-F3D1-48B8-B0B5-A986D165FAD6}.Release|x64.Build.0 = Release|Any CPU
		{C971C798-F3D1-48B8-B0B5-A986D165FAD6}.Release|x86.ActiveCfg = Release|Any CPU
		{C971C798-F3D1-48B8-B0B5-A986D165FAD6}.Release|x86.Build.0 = Release|Any CPU
		{A8132C0D-9FBB-4BD6-A3FE-CCC250DF13AA}.Debug|Any CPU.ActiveCfg = Debug|Any CPU
		{A8132C0D-9FBB-4BD6-A3FE-CCC250DF13AA}.Debug|Any CPU.Build.0 = Debug|Any CPU
		{A8132C0D-9FBB-4BD6-A3FE-CCC250DF13AA}.Debug|x64.ActiveCfg = Debug|Any CPU
		{A8132C0D-9FBB-4BD6-A3FE-CCC250DF13AA}.Debug|x64.Build.0 = Debug|Any CPU
		{A8132C0D-9FBB-4BD6-A3FE-CCC250DF13AA}.Debug|x86.ActiveCfg = Debug|Any CPU
		{A8132C0D-9FBB-4BD6-A3FE-CCC250DF13AA}.Debug|x86.Build.0 = Debug|Any CPU
		{A8132C0D-9FBB-4BD6-A3FE-CCC250DF13AA}.Release|Any CPU.ActiveCfg = Release|Any CPU
		{A8132C0D-9FBB-4BD6-A3FE-CCC250DF13AA}.Release|Any CPU.Build.0 = Release|Any CPU
		{A8132C0D-9FBB-4BD6-A3FE-CCC250DF13AA}.Release|x64.ActiveCfg = Release|Any CPU
		{A8132C0D-9FBB-4BD6-A3FE-CCC250DF13AA}.Release|x64.Build.0 = Release|Any CPU
		{A8132C0D-9FBB-4BD6-A3FE-CCC250DF13AA}.Release|x86.ActiveCfg = Release|Any CPU
		{A8132C0D-9FBB-4BD6-A3FE-CCC250DF13AA}.Release|x86.Build.0 = Release|Any CPU
	EndGlobalSection
	GlobalSection(SolutionProperties) = preSolution
		HideSolutionNode = FALSE
	EndGlobalSection
	GlobalSection(ExtensibilityGlobals) = postSolution
		SolutionGuid = {2A01B0C9-0844-4D66-93A0-73470BB71EBE}
	EndGlobalSection
EndGlobal
